
Microsoft Visual Studio Solution File, Format Version 12.00
# Visual Studio 15
VisualStudioVersion = 15.0.27004.2008
MinimumVisualStudioVersion = 10.0.40219.1
Project("{9A19103F-16F7-4668-BE54-9A1E7A4F7556}") = "cetpaApi", "cetpaApi\cetpaApi.csproj", "{8F861354-7F54-4261-94A6-DA05840FD1AF}"
EndProject
Project("{FAE04EC0-301F-11D3-BF4B-00C04F79EFBC}") = "Models", "Models\Models.csproj", "{C789456F-FB96-4715-A6BD-BC80A07F9C2B}"
EndProject
Project("{FAE04EC0-301F-11D3-BF4B-00C04F79EFBC}") = "Services", "Services\Services.csproj", "{C9581B99-933A-45C7-B8FB-D53167DAB8D2}"
EndProject
Project("{FAE04EC0-301F-11D3-BF4B-00C04F79EFBC}") = "DataAccess", "DataAccess\DataAccess.csproj", "{BCD69856-5A6A-425D-B69C-FCD4D79B4B0B}"
EndProject
Global
	GlobalSection(SolutionConfigurationPlatforms) = preSolution
		Debug|Any CPU = Debug|Any CPU
		Release|Any CPU = Release|Any CPU
	EndGlobalSection
	GlobalSection(ProjectConfigurationPlatforms) = postSolution
		{8F861354-7F54-4261-94A6-DA05840FD1AF}.Debug|Any CPU.ActiveCfg = Debug|Any CPU
		{8F861354-7F54-4261-94A6-DA05840FD1AF}.Debug|Any CPU.Build.0 = Debug|Any CPU
		{8F861354-7F54-4261-94A6-DA05840FD1AF}.Release|Any CPU.ActiveCfg = Release|Any CPU
		{8F861354-7F54-4261-94A6-DA05840FD1AF}.Release|Any CPU.Build.0 = Release|Any CPU
		{C789456F-FB96-4715-A6BD-BC80A07F9C2B}.Debug|Any CPU.ActiveCfg = Debug|Any CPU
		{C789456F-FB96-4715-A6BD-BC80A07F9C2B}.Debug|Any CPU.Build.0 = Debug|Any CPU
		{C789456F-FB96-4715-A6BD-BC80A07F9C2B}.Release|Any CPU.ActiveCfg = Release|Any CPU
		{C789456F-FB96-4715-A6BD-BC80A07F9C2B}.Release|Any CPU.Build.0 = Release|Any CPU
		{C9581B99-933A-45C7-B8FB-D53167DAB8D2}.Debug|Any CPU.ActiveCfg = Debug|Any CPU
		{C9581B99-933A-45C7-B8FB-D53167DAB8D2}.Debug|Any CPU.Build.0 = Debug|Any CPU
		{C9581B99-933A-45C7-B8FB-D53167DAB8D2}.Release|Any CPU.ActiveCfg = Release|Any CPU
		{C9581B99-933A-45C7-B8FB-D53167DAB8D2}.Release|Any CPU.Build.0 = Release|Any CPU
		{BCD69856-5A6A-425D-B69C-FCD4D79B4B0B}.Debug|Any CPU.ActiveCfg = Debug|Any CPU
		{BCD69856-5A6A-425D-B69C-FCD4D79B4B0B}.Debug|Any CPU.Build.0 = Debug|Any CPU
		{BCD69856-5A6A-425D-B69C-FCD4D79B4B0B}.Release|Any CPU.ActiveCfg = Release|Any CPU
		{BCD69856-5A6A-425D-B69C-FCD4D79B4B0B}.Release|Any CPU.Build.0 = Release|Any CPU
	EndGlobalSection
	GlobalSection(SolutionProperties) = preSolution
		HideSolutionNode = FALSE
	EndGlobalSection
	GlobalSection(ExtensibilityGlobals) = postSolution
		SolutionGuid = {F1F56B4F-8B49-480A-B2B8-8F6736A29E31}
	EndGlobalSection
EndGlobal
